<?xml version="1.0" encoding="utf-8"?>
<Project ToolsVersion="4.0" xmlns="http://schemas.microsoft.com/developer/msbuild/2003">
  <ItemGroup>
    <Filter Include="Source Files">
      <UniqueIdentifier>{4FC737F1-C7A5-4376-A066-2A32D752A2FF}</UniqueIdentifier>
      <Extensions>cpp;c;cc;cxx;def;odl;idl;hpj;bat;asm;asmx</Extensions>
    </Filter>
    <Filter Include="Header Files">
      <UniqueIdentifier>{93995380-89BD-4b04-88EB-625FBE52EBFB}</UniqueIdentifier>
      <Extensions>h;hh;hpp;hxx;hm;inl;inc;xsd</Extensions>
    </Filter>
    <Filter Include="Resource Files">
      <UniqueIdentifier>{67DA6AB6-F800-4c08-8B7A-83BB121AAD01}</UniqueIdentifier>
      <Extensions>rc;ico;cur;bmp;dlg;rc2;rct;bin;rgs;gif;jpg;jpeg;jpe;resx;tiff;tif;png;wav;mfcribbon-ms</Extensions>
    </Filter>
  </ItemGroup>
  <ItemGroup>
    <ClInclude Include="..\..\..\Hotel-part 2\Hotel-Part 2\Hotel(1)\BabySittingInRoom.h">
      <Filter>Header Files</Filter>
    </ClInclude>
    <ClInclude Include="..\..\..\Hotel-part 2\Hotel-Part 2\Hotel(1)\Customer.h">
      <Filter>Header Files</Filter>
    </ClInclude>
    <ClInclude Include="..\..\..\Hotel-part 2\Hotel-Part 2\Hotel(1)\DateTime.h">
      <Filter>Header Files</Filter>
    </ClInclude>
    <ClInclude Include="..\..\..\Hotel-part 2\Hotel-Part 2\Hotel(1)\DiningRoom.h">
      <Filter>Header Files</Filter>
    </ClInclude>
    <ClInclude Include="..\..\..\Hotel-part 2\Hotel-Part 2\Hotel(1)\Pension.h">
      <Filter>Header Files</Filter>
    </ClInclude>
    <ClInclude Include="..\..\..\Hotel-part 2\Hotel-Part 2\Hotel(1)\Reservation.h">
      <Filter>Header Files</Filter>
    </ClInclude>
    <ClInclude Include="..\..\..\Hotel-part 2\Hotel-Part 2\Hotel(1)\Room.h">
      <Filter>Header Files</Filter>
    </ClInclude>
    <ClInclude Include="..\..\..\Hotel-part 2\Hotel-Part 2\Hotel(1)\RoomService.h">
      <Filter>Header Files</Filter>
    </ClInclude>
    <ClInclude Include="..\..\..\Hotel-part 2\Hotel-Part 2\Hotel(1)\Service.h">
      <Filter>Header Files</Filter>
    </ClInclude>
    <ClInclude Include="..\..\..\Hotel-part 2\Hotel-Part 2\Hotel(1)\Spa.h">
      <Filter>Header Files</Filter>
    </ClInclude>
    <ClInclude Include="..\..\..\Hotel-part 2\Hotel-Part 2\Hotel(1)\SpaRoom.h">
      <Filter>Header Files</Filter>
    </ClInclude>
    <ClInclude Include="..\..\..\Hotel-part 2\Hotel-Part 2\Hotel(1)\BabySitting.h">
      <Filter>Header Files</Filter>
    </ClInclude>
    <ClInclude Include="gogo.h">
      <Filter>Header Files</Filter>
    </ClInclude>
    <ClInclude Include="Hotel.h">
      <Filter>Header Files</Filter>
    </ClInclude>
  </ItemGroup>
  <ItemGroup>
    <ClCompile Include="..\..\..\Hotel-part 2\Hotel-Part 2\Hotel(1)\Reservation.cpp">
      <Filter>Source Files</Filter>
    </ClCompile>
    <ClCompile Include="..\..\..\Hotel-part 2\Hotel-Part 2\Hotel(1)\Room.cpp">
      <Filter>Source Files</Filter>
    </ClCompile>
    <ClCompile Include="..\..\..\Hotel-part 2\Hotel-Part 2\Hotel(1)\RoomService.cpp">
      <Filter>Source Files</Filter>
    </ClCompile>
    <ClCompile Include="..\..\..\Hotel-part 2\Hotel-Part 2\Hotel(1)\Service.cpp">
      <Filter>Source Files</Filter>
    </ClCompile>
    <ClCompile Include="..\..\..\Hotel-part 2\Hotel-Part 2\Hotel(1)\Spa.cpp">
      <Filter>Source Files</Filter>
    </ClCompile>
    <ClCompile Include="..\..\..\Hotel-part 2\Hotel-Part 2\Hotel(1)\SpaRoom.cpp">
      <Filter>Source Files</Filter>
    </ClCompile>
    <ClCompile Include="..\..\..\Hotel-part 2\Hotel-Part 2\Hotel(1)\BabySitting.cpp">
      <Filter>Source Files</Filter>
    </ClCompile>
    <ClCompile Include="..\..\..\Hotel-part 2\Hotel-Part 2\Hotel(1)\BabySittingInRoom.cpp">
      <Filter>Source Files</Filter>
    </ClCompile>
    <ClCompile Include="..\..\..\Hotel-part 2\Hotel-Part 2\Hotel(1)\Customer.cpp">
      <Filter>Source Files</Filter>
    </ClCompile>
    <ClCompile Include="..\..\..\Hotel-part 2\Hotel-Part 2\Hotel(1)\DateTime.cpp">
      <Filter>Source Files</Filter>
    </ClCompile>
    <ClCompile Include="..\..\..\Hotel-part 2\Hotel-Part 2\Hotel(1)\DiningRoom.cpp">
      <Filter>Source Files</Filter>
    </ClCompile>
    <ClCompile Include="..\..\..\Hotel-part 2\Hotel-Part 2\Hotel(1)\Hotel.cpp">
      <Filter>Source Files</Filter>
    </ClCompile>
    <ClCompile Include="..\..\..\Hotel-part 2\Hotel-Part 2\Hotel(1)\Pension.cpp">
      <Filter>Source Files</Filter>
    </ClCompile>
    <ClCompile Include="main.cpp">
      <Filter>Source Files</Filter>
    </ClCompile>
  </ItemGroup>
</Project>